
Microsoft Visual Studio Solution File, Format Version 12.00
# Visual Studio Version 18
VisualStudioVersion = 18.6.11806.211 stable
MinimumVisualStudioVersion = 10.0.40219.1
Project("{FAE04EC0-301F-11D3-BF4B-00C04F79EFBC}") = "GuestHouseAPI", "GuestHouseAPI.csproj", "{2A20A5B4-E6A4-8A00-207A-00E244AE5D1A}"
EndProject
Global
	GlobalSection(SolutionConfigurationPlatforms) = preSolution
		Debug|Any CPU = Debug|Any CPU
		Release|Any CPU = Release|Any CPU
	EndGlobalSection
	GlobalSection(ProjectConfigurationPlatforms) = postSolution
		{2A20A5B4-E6A4-8A00-207A-00E244AE5D1A}.Debug|Any CPU.ActiveCfg = Debug|Any CPU
		{2A20A5B4-E6A4-8A00-207A-00E244AE5D1A}.Debug|Any CPU.Build.0 = Debug|Any CPU
		{2A20A5B4-E6A4-8A00-207A-00E244AE5D1A}.Release|Any CPU.ActiveCfg = Release|Any CPU
		{2A20A5B4-E6A4-8A00-207A-00E244AE5D1A}.Release|Any CPU.Build.0 = Release|Any CPU
	EndGlobalSection
	GlobalSection(SolutionProperties) = preSolution
		HideSolutionNode = FALSE
	EndGlobalSection
	GlobalSection(ExtensibilityGlobals) = postSolution
		SolutionGuid = {19CCFECA-F483-4367-B959-992DD49211A4}
	EndGlobalSection
EndGlobal
